{
    "name": "createassetvariation",
    "version": "2.0.0",
    "lockfileVersion": 3,
    "requires": true,
    "packages": {
        "": {
            "name": "createassetvariation",
            "version": "2.0.0",
            "hasInstallScript": true,
            "license": "Apache-2.0",
            "dependencies": {
                "axios": "^1.6.7",
                "graphql": "^14.6.0",
                "graphql-tag": "^2.10.1",
                "uuid": "^9.0.1"
            },
            "devDependencies": {
                "@types/aws-lambda": "^8.10.92",
                "sharp": "^0.33.4"
            }
        },
        "node_modules/@emnapi/runtime": {
            "version": "1.1.1",
            "resolved": "https://registry.npmjs.org/@emnapi/runtime/-/runtime-1.1.1.tgz",
            "integrity": "sha512-3bfqkzuR1KLx57nZfjr2NLnFOobvyS0aTszaEGCGqmYMVDRaGvgIZbjGSV/MHSSmLgQ/b9JFHQ5xm5WRZYd+XQ==",
            "dev": true,
            "optional": true,
            "dependencies": {
                "tslib": "^2.4.0"
            }
        },
        "node_modules/@img/sharp-darwin-arm64": {
            "version": "0.33.4",
            "resolved": "https://registry.npmjs.org/@img/sharp-darwin-arm64/-/sharp-darwin-arm64-0.33.4.tgz",
            "integrity": "sha512-p0suNqXufJs9t3RqLBO6vvrgr5OhgbWp76s5gTRvdmxmuv9E1rcaqGUsl3l4mKVmXPkTkTErXediAui4x+8PSA==",
            "cpu": [
                "arm64"
            ],
            "dev": true,
            "optional": true,
            "os": [
                "darwin"
            ],
            "engines": {
                "glibc": ">=2.26",
                "node": "^18.17.0 || ^20.3.0 || >=21.0.0",
                "npm": ">=9.6.5",
                "pnpm": ">=7.1.0",
                "yarn": ">=3.2.0"
            },
            "funding": {
                "url": "https://opencollective.com/libvips"
            },
            "optionalDependencies": {
                "@img/sharp-libvips-darwin-arm64": "1.0.2"
            }
        },
        "node_modules/@img/sharp-darwin-x64": {
            "version": "0.33.4",
            "resolved": "https://registry.npmjs.org/@img/sharp-darwin-x64/-/sharp-darwin-x64-0.33.4.tgz",
            "integrity": "sha512-0l7yRObwtTi82Z6ebVI2PnHT8EB2NxBgpK2MiKJZJ7cz32R4lxd001ecMhzzsZig3Yv9oclvqqdV93jo9hy+Dw==",
            "cpu": [
                "x64"
            ],
            "dev": true,
            "optional": true,
            "os": [
                "darwin"
            ],
            "engines": {
                "glibc": ">=2.26",
                "node": "^18.17.0 || ^20.3.0 || >=21.0.0",
                "npm": ">=9.6.5",
                "pnpm": ">=7.1.0",
                "yarn": ">=3.2.0"
            },
            "funding": {
                "url": "https://opencollective.com/libvips"
            },
            "optionalDependencies": {
                "@img/sharp-libvips-darwin-x64": "1.0.2"
            }
        },
        "node_modules/@img/sharp-libvips-darwin-arm64": {
            "version": "1.0.2",
            "resolved": "https://registry.npmjs.org/@img/sharp-libvips-darwin-arm64/-/sharp-libvips-darwin-arm64-1.0.2.tgz",
            "integrity": "sha512-tcK/41Rq8IKlSaKRCCAuuY3lDJjQnYIW1UXU1kxcEKrfL8WR7N6+rzNoOxoQRJWTAECuKwgAHnPvqXGN8XfkHA==",
            "cpu": [
                "arm64"
            ],
            "dev": true,
            "optional": true,
            "os": [
                "darwin"
            ],
            "engines": {
                "macos": ">=11",
                "npm": ">=9.6.5",
                "pnpm": ">=7.1.0",
                "yarn": ">=3.2.0"
            },
            "funding": {
                "url": "https://opencollective.com/libvips"
            }
        },
        "node_modules/@img/sharp-libvips-darwin-x64": {
            "version": "1.0.2",
            "resolved": "https://registry.npmjs.org/@img/sharp-libvips-darwin-x64/-/sharp-libvips-darwin-x64-1.0.2.tgz",
            "integrity": "sha512-Ofw+7oaWa0HiiMiKWqqaZbaYV3/UGL2wAPeLuJTx+9cXpCRdvQhCLG0IH8YGwM0yGWGLpsF4Su9vM1o6aer+Fw==",
            "cpu": [
                "x64"
            ],
            "dev": true,
            "optional": true,
            "os": [
                "darwin"
            ],
            "engines": {
                "macos": ">=10.13",
                "npm": ">=9.6.5",
                "pnpm": ">=7.1.0",
                "yarn": ">=3.2.0"
            },
            "funding": {
                "url": "https://opencollective.com/libvips"
            }
        },
        "node_modules/@img/sharp-libvips-linux-arm": {
            "version": "1.0.2",
            "resolved": "https://registry.npmjs.org/@img/sharp-libvips-linux-arm/-/sharp-libvips-linux-arm-1.0.2.tgz",
            "integrity": "sha512-iLWCvrKgeFoglQxdEwzu1eQV04o8YeYGFXtfWU26Zr2wWT3q3MTzC+QTCO3ZQfWd3doKHT4Pm2kRmLbupT+sZw==",
            "cpu": [
                "arm"
            ],
            "dev": true,
            "optional": true,
            "os": [
                "linux"
            ],
            "engines": {
                "glibc": ">=2.28",
                "npm": ">=9.6.5",
                "pnpm": ">=7.1.0",
                "yarn": ">=3.2.0"
            },
            "funding": {
                "url": "https://opencollective.com/libvips"
            }
        },
        "node_modules/@img/sharp-libvips-linux-arm64": {
            "version": "1.0.2",
            "resolved": "https://registry.npmjs.org/@img/sharp-libvips-linux-arm64/-/sharp-libvips-linux-arm64-1.0.2.tgz",
            "integrity": "sha512-x7kCt3N00ofFmmkkdshwj3vGPCnmiDh7Gwnd4nUwZln2YjqPxV1NlTyZOvoDWdKQVDL911487HOueBvrpflagw==",
            "cpu": [
                "arm64"
            ],
            "dev": true,
            "optional": true,
            "os": [
                "linux"
            ],
            "engines": {
                "glibc": ">=2.26",
                "npm": ">=9.6.5",
                "pnpm": ">=7.1.0",
                "yarn": ">=3.2.0"
            },
            "funding": {
                "url": "https://opencollective.com/libvips"
            }
        },
        "node_modules/@img/sharp-libvips-linux-s390x": {
            "version": "1.0.2",
            "resolved": "https://registry.npmjs.org/@img/sharp-libvips-linux-s390x/-/sharp-libvips-linux-s390x-1.0.2.tgz",
            "integrity": "sha512-cmhQ1J4qVhfmS6szYW7RT+gLJq9dH2i4maq+qyXayUSn9/3iY2ZeWpbAgSpSVbV2E1JUL2Gg7pwnYQ1h8rQIog==",
            "cpu": [
                "s390x"
            ],
            "dev": true,
            "optional": true,
            "os": [
                "linux"
            ],
            "engines": {
                "glibc": ">=2.28",
                "npm": ">=9.6.5",
                "pnpm": ">=7.1.0",
                "yarn": ">=3.2.0"
            },
            "funding": {
                "url": "https://opencollective.com/libvips"
            }
        },
        "node_modules/@img/sharp-libvips-linux-x64": {
            "version": "1.0.2",
            "resolved": "https://registry.npmjs.org/@img/sharp-libvips-linux-x64/-/sharp-libvips-linux-x64-1.0.2.tgz",
            "integrity": "sha512-E441q4Qdb+7yuyiADVi5J+44x8ctlrqn8XgkDTwr4qPJzWkaHwD489iZ4nGDgcuya4iMN3ULV6NwbhRZJ9Z7SQ==",
            "cpu": [
                "x64"
            ],
            "dev": true,
            "optional": true,
            "os": [
                "linux"
            ],
            "engines": {
                "glibc": ">=2.26",
                "npm": ">=9.6.5",
                "pnpm": ">=7.1.0",
                "yarn": ">=3.2.0"
            },
            "funding": {
                "url": "https://opencollective.com/libvips"
            }
        },
        "node_modules/@img/sharp-libvips-linuxmusl-arm64": {
            "version": "1.0.2",
            "resolved": "https://registry.npmjs.org/@img/sharp-libvips-linuxmusl-arm64/-/sharp-libvips-linuxmusl-arm64-1.0.2.tgz",
            "integrity": "sha512-3CAkndNpYUrlDqkCM5qhksfE+qSIREVpyoeHIU6jd48SJZViAmznoQQLAv4hVXF7xyUB9zf+G++e2v1ABjCbEQ==",
            "cpu": [
                "arm64"
            ],
            "dev": true,
            "optional": true,
            "os": [
                "linux"
            ],
            "engines": {
                "musl": ">=1.2.2",
                "npm": ">=9.6.5",
                "pnpm": ">=7.1.0",
                "yarn": ">=3.2.0"
            },
            "funding": {
                "url": "https://opencollective.com/libvips"
            }
        },
        "node_modules/@img/sharp-libvips-linuxmusl-x64": {
            "version": "1.0.2",
            "resolved": "https://registry.npmjs.org/@img/sharp-libvips-linuxmusl-x64/-/sharp-libvips-linuxmusl-x64-1.0.2.tgz",
            "integrity": "sha512-VI94Q6khIHqHWNOh6LLdm9s2Ry4zdjWJwH56WoiJU7NTeDwyApdZZ8c+SADC8OH98KWNQXnE01UdJ9CSfZvwZw==",
            "cpu": [
                "x64"
            ],
            "dev": true,
            "optional": true,
            "os": [
                "linux"
            ],
            "engines": {
                "musl": ">=1.2.2",
                "npm": ">=9.6.5",
                "pnpm": ">=7.1.0",
                "yarn": ">=3.2.0"
            },
            "funding": {
                "url": "https://opencollective.com/libvips"
            }
        },
        "node_modules/@img/sharp-linux-arm": {
            "version": "0.33.4",
            "resolved": "https://registry.npmjs.org/@img/sharp-linux-arm/-/sharp-linux-arm-0.33.4.tgz",
            "integrity": "sha512-RUgBD1c0+gCYZGCCe6mMdTiOFS0Zc/XrN0fYd6hISIKcDUbAW5NtSQW9g/powkrXYm6Vzwd6y+fqmExDuCdHNQ==",
            "cpu": [
                "arm"
            ],
            "dev": true,
            "optional": true,
            "os": [
                "linux"
            ],
            "engines": {
                "glibc": ">=2.28",
                "node": "^18.17.0 || ^20.3.0 || >=21.0.0",
                "npm": ">=9.6.5",
                "pnpm": ">=7.1.0",
                "yarn": ">=3.2.0"
            },
            "funding": {
                "url": "https://opencollective.com/libvips"
            },
            "optionalDependencies": {
                "@img/sharp-libvips-linux-arm": "1.0.2"
            }
        },
        "node_modules/@img/sharp-linux-arm64": {
            "version": "0.33.4",
            "resolved": "https://registry.npmjs.org/@img/sharp-linux-arm64/-/sharp-linux-arm64-0.33.4.tgz",
            "integrity": "sha512-2800clwVg1ZQtxwSoTlHvtm9ObgAax7V6MTAB/hDT945Tfyy3hVkmiHpeLPCKYqYR1Gcmv1uDZ3a4OFwkdBL7Q==",
            "cpu": [
                "arm64"
            ],
            "dev": true,
            "optional": true,
            "os": [
                "linux"
            ],
            "engines": {
                "glibc": ">=2.26",
                "node": "^18.17.0 || ^20.3.0 || >=21.0.0",
                "npm": ">=9.6.5",
                "pnpm": ">=7.1.0",
                "yarn": ">=3.2.0"
            },
            "funding": {
                "url": "https://opencollective.com/libvips"
            },
            "optionalDependencies": {
                "@img/sharp-libvips-linux-arm64": "1.0.2"
            }
        },
        "node_modules/@img/sharp-linux-s390x": {
            "version": "0.33.4",
            "resolved": "https://registry.npmjs.org/@img/sharp-linux-s390x/-/sharp-linux-s390x-0.33.4.tgz",
            "integrity": "sha512-h3RAL3siQoyzSoH36tUeS0PDmb5wINKGYzcLB5C6DIiAn2F3udeFAum+gj8IbA/82+8RGCTn7XW8WTFnqag4tQ==",
            "cpu": [
                "s390x"
            ],
            "dev": true,
            "optional": true,
            "os": [
                "linux"
            ],
            "engines": {
                "glibc": ">=2.31",
                "node": "^18.17.0 || ^20.3.0 || >=21.0.0",
                "npm": ">=9.6.5",
                "pnpm": ">=7.1.0",
                "yarn": ">=3.2.0"
            },
            "funding": {
                "url": "https://opencollective.com/libvips"
            },
            "optionalDependencies": {
                "@img/sharp-libvips-linux-s390x": "1.0.2"
            }
        },
        "node_modules/@img/sharp-linux-x64": {
            "version": "0.33.4",
            "resolved": "https://registry.npmjs.org/@img/sharp-linux-x64/-/sharp-linux-x64-0.33.4.tgz",
            "integrity": "sha512-GoR++s0XW9DGVi8SUGQ/U4AeIzLdNjHka6jidVwapQ/JebGVQIpi52OdyxCNVRE++n1FCLzjDovJNozif7w/Aw==",
            "cpu": [
                "x64"
            ],
            "dev": true,
            "optional": true,
            "os": [
                "linux"
            ],
            "engines": {
                "glibc": ">=2.26",
                "node": "^18.17.0 || ^20.3.0 || >=21.0.0",
                "npm": ">=9.6.5",
                "pnpm": ">=7.1.0",
                "yarn": ">=3.2.0"
            },
            "funding": {
                "url": "https://opencollective.com/libvips"
            },
            "optionalDependencies": {
                "@img/sharp-libvips-linux-x64": "1.0.2"
            }
        },
        "node_modules/@img/sharp-linuxmusl-arm64": {
            "version": "0.33.4",
            "resolved": "https://registry.npmjs.org/@img/sharp-linuxmusl-arm64/-/sharp-linuxmusl-arm64-0.33.4.tgz",
            "integrity": "sha512-nhr1yC3BlVrKDTl6cO12gTpXMl4ITBUZieehFvMntlCXFzH2bvKG76tBL2Y/OqhupZt81pR7R+Q5YhJxW0rGgQ==",
            "cpu": [
                "arm64"
            ],
            "dev": true,
            "optional": true,
            "os": [
                "linux"
            ],
            "engines": {
                "musl": ">=1.2.2",
                "node": "^18.17.0 || ^20.3.0 || >=21.0.0",
                "npm": ">=9.6.5",
                "pnpm": ">=7.1.0",
                "yarn": ">=3.2.0"
            },
            "funding": {
                "url": "https://opencollective.com/libvips"
            },
            "optionalDependencies": {
                "@img/sharp-libvips-linuxmusl-arm64": "1.0.2"
            }
        },
        "node_modules/@img/sharp-linuxmusl-x64": {
            "version": "0.33.4",
            "resolved": "https://registry.npmjs.org/@img/sharp-linuxmusl-x64/-/sharp-linuxmusl-x64-0.33.4.tgz",
            "integrity": "sha512-uCPTku0zwqDmZEOi4ILyGdmW76tH7dm8kKlOIV1XC5cLyJ71ENAAqarOHQh0RLfpIpbV5KOpXzdU6XkJtS0daw==",
            "cpu": [
                "x64"
            ],
            "dev": true,
            "optional": true,
            "os": [
                "linux"
            ],
            "engines": {
                "musl": ">=1.2.2",
                "node": "^18.17.0 || ^20.3.0 || >=21.0.0",
                "npm": ">=9.6.5",
                "pnpm": ">=7.1.0",
                "yarn": ">=3.2.0"
            },
            "funding": {
                "url": "https://opencollective.com/libvips"
            },
            "optionalDependencies": {
                "@img/sharp-libvips-linuxmusl-x64": "1.0.2"
            }
        },
        "node_modules/@img/sharp-wasm32": {
            "version": "0.33.4",
            "resolved": "https://registry.npmjs.org/@img/sharp-wasm32/-/sharp-wasm32-0.33.4.tgz",
            "integrity": "sha512-Bmmauh4sXUsUqkleQahpdNXKvo+wa1V9KhT2pDA4VJGKwnKMJXiSTGphn0gnJrlooda0QxCtXc6RX1XAU6hMnQ==",
            "cpu": [
                "wasm32"
            ],
            "dev": true,
            "optional": true,
            "dependencies": {
                "@emnapi/runtime": "^1.1.1"
            },
            "engines": {
                "node": "^18.17.0 || ^20.3.0 || >=21.0.0",
                "npm": ">=9.6.5",
                "pnpm": ">=7.1.0",
                "yarn": ">=3.2.0"
            },
            "funding": {
                "url": "https://opencollective.com/libvips"
            }
        },
        "node_modules/@img/sharp-win32-ia32": {
            "version": "0.33.4",
            "resolved": "https://registry.npmjs.org/@img/sharp-win32-ia32/-/sharp-win32-ia32-0.33.4.tgz",
            "integrity": "sha512-99SJ91XzUhYHbx7uhK3+9Lf7+LjwMGQZMDlO/E/YVJ7Nc3lyDFZPGhjwiYdctoH2BOzW9+TnfqcaMKt0jHLdqw==",
            "cpu": [
                "ia32"
            ],
            "dev": true,
            "optional": true,
            "os": [
                "win32"
            ],
            "engines": {
                "node": "^18.17.0 || ^20.3.0 || >=21.0.0",
                "npm": ">=9.6.5",
                "pnpm": ">=7.1.0",
                "yarn": ">=3.2.0"
            },
            "funding": {
                "url": "https://opencollective.com/libvips"
            }
        },
        "node_modules/@img/sharp-win32-x64": {
            "version": "0.33.4",
            "resolved": "https://registry.npmjs.org/@img/sharp-win32-x64/-/sharp-win32-x64-0.33.4.tgz",
            "integrity": "sha512-3QLocdTRVIrFNye5YocZl+KKpYKP+fksi1QhmOArgx7GyhIbQp/WrJRu176jm8IxromS7RIkzMiMINVdBtC8Aw==",
            "cpu": [
                "x64"
            ],
            "dev": true,
            "optional": true,
            "os": [
                "win32"
            ],
            "engines": {
                "node": "^18.17.0 || ^20.3.0 || >=21.0.0",
                "npm": ">=9.6.5",
                "pnpm": ">=7.1.0",
                "yarn": ">=3.2.0"
            },
            "funding": {
                "url": "https://opencollective.com/libvips"
            }
        },
        "node_modules/@types/aws-lambda": {
            "version": "8.10.134",
            "resolved": "https://registry.npmjs.org/@types/aws-lambda/-/aws-lambda-8.10.134.tgz",
            "integrity": "sha512-cfv422ivDMO+EeA3N4YcshbTHBL+5lLXe+Uz+4HXvIcsCuWvqNFpOs28ZprL8NA3qRCzt95ETiNAJDn4IcC/PA==",
            "dev": true
        },
        "node_modules/asynckit": {
            "version": "0.4.0",
            "license": "MIT"
        },
        "node_modules/axios": {
            "version": "1.6.7",
            "license": "MIT",
            "dependencies": {
                "follow-redirects": "^1.15.4",
                "form-data": "^4.0.0",
                "proxy-from-env": "^1.1.0"
            }
        },
        "node_modules/color": {
            "version": "4.2.3",
            "dev": true,
            "license": "MIT",
            "dependencies": {
                "color-convert": "^2.0.1",
                "color-string": "^1.9.0"
            },
            "engines": {
                "node": ">=12.5.0"
            }
        },
        "node_modules/color-convert": {
            "version": "2.0.1",
            "dev": true,
            "license": "MIT",
            "dependencies": {
                "color-name": "~1.1.4"
            },
            "engines": {
                "node": ">=7.0.0"
            }
        },
        "node_modules/color-name": {
            "version": "1.1.4",
            "dev": true,
            "license": "MIT"
        },
        "node_modules/color-string": {
            "version": "1.9.1",
            "dev": true,
            "license": "MIT",
            "dependencies": {
                "color-name": "^1.0.0",
                "simple-swizzle": "^0.2.2"
            }
        },
        "node_modules/combined-stream": {
            "version": "1.0.8",
            "license": "MIT",
            "dependencies": {
                "delayed-stream": "~1.0.0"
            },
            "engines": {
                "node": ">= 0.8"
            }
        },
        "node_modules/delayed-stream": {
            "version": "1.0.0",
            "license": "MIT",
            "engines": {
                "node": ">=0.4.0"
            }
        },
        "node_modules/detect-libc": {
            "version": "2.0.3",
            "resolved": "https://registry.npmjs.org/detect-libc/-/detect-libc-2.0.3.tgz",
            "integrity": "sha512-bwy0MGW55bG41VqxxypOsdSdGqLwXPI/focwgTYCFMbdUiBAxLg9CFzG08sz2aqzknwiX7Hkl0bQENjg8iLByw==",
            "dev": true,
            "engines": {
                "node": ">=8"
            }
        },
        "node_modules/follow-redirects": {
            "version": "1.15.5",
            "funding": [
                {
                    "type": "individual",
                    "url": "https://github.com/sponsors/RubenVerborgh"
                }
            ],
            "license": "MIT",
            "engines": {
                "node": ">=4.0"
            },
            "peerDependenciesMeta": {
                "debug": {
                    "optional": true
                }
            }
        },
        "node_modules/form-data": {
            "version": "4.0.0",
            "license": "MIT",
            "dependencies": {
                "asynckit": "^0.4.0",
                "combined-stream": "^1.0.8",
                "mime-types": "^2.1.12"
            },
            "engines": {
                "node": ">= 6"
            }
        },
        "node_modules/graphql": {
            "version": "14.7.0",
            "resolved": "https://registry.npmjs.org/graphql/-/graphql-14.7.0.tgz",
            "integrity": "sha512-l0xWZpoPKpppFzMfvVyFmp9vLN7w/ZZJPefUicMCepfJeQ8sMcztloGYY9DfjVPo6tIUDzU5Hw3MUbIjj9AVVA==",
            "dependencies": {
                "iterall": "^1.2.2"
            },
            "engines": {
                "node": ">= 6.x"
            }
        },
        "node_modules/graphql-tag": {
            "version": "2.12.6",
            "resolved": "https://registry.npmjs.org/graphql-tag/-/graphql-tag-2.12.6.tgz",
            "integrity": "sha512-FdSNcu2QQcWnM2VNvSCCDCVS5PpPqpzgFT8+GXzqJuoDd0CBncxCY278u4mhRO7tMgo2JjgJA5aZ+nWSQ/Z+xg==",
            "dependencies": {
                "tslib": "^2.1.0"
            },
            "engines": {
                "node": ">=10"
            },
            "peerDependencies": {
                "graphql": "^0.9.0 || ^0.10.0 || ^0.11.0 || ^0.12.0 || ^0.13.0 || ^14.0.0 || ^15.0.0 || ^16.0.0"
            }
        },
        "node_modules/is-arrayish": {
            "version": "0.3.2",
            "dev": true,
            "license": "MIT"
        },
        "node_modules/iterall": {
            "version": "1.3.0",
            "resolved": "https://registry.npmjs.org/iterall/-/iterall-1.3.0.tgz",
            "integrity": "sha512-QZ9qOMdF+QLHxy1QIpUHUU1D5pS2CG2P69LF6L6CPjPYA/XMOmKV3PZpawHoAjHNyB0swdVTRxdYT4tbBbxqwg=="
        },
        "node_modules/lru-cache": {
            "version": "6.0.0",
            "resolved": "https://registry.npmjs.org/lru-cache/-/lru-cache-6.0.0.tgz",
            "integrity": "sha512-Jo6dJ04CmSjuznwJSS3pUeWmd/H0ffTlkXXgwZi+eq1UCmqQwCh+eLsYOYCwY991i2Fah4h1BEMCx4qThGbsiA==",
            "dev": true,
            "dependencies": {
                "yallist": "^4.0.0"
            },
            "engines": {
                "node": ">=10"
            }
        },
        "node_modules/mime-db": {
            "version": "1.52.0",
            "license": "MIT",
            "engines": {
                "node": ">= 0.6"
            }
        },
        "node_modules/mime-types": {
            "version": "2.1.35",
            "license": "MIT",
            "dependencies": {
                "mime-db": "1.52.0"
            },
            "engines": {
                "node": ">= 0.6"
            }
        },
        "node_modules/proxy-from-env": {
            "version": "1.1.0",
            "license": "MIT"
        },
        "node_modules/semver": {
            "version": "7.6.0",
            "resolved": "https://registry.npmjs.org/semver/-/semver-7.6.0.tgz",
            "integrity": "sha512-EnwXhrlwXMk9gKu5/flx5sv/an57AkRplG3hTK68W7FRDN+k+OWBj65M7719OkA82XLBxrcX0KSHj+X5COhOVg==",
            "dev": true,
            "dependencies": {
                "lru-cache": "^6.0.0"
            },
            "bin": {
                "semver": "bin/semver.js"
            },
            "engines": {
                "node": ">=10"
            }
        },
        "node_modules/sharp": {
            "version": "0.33.4",
            "resolved": "https://registry.npmjs.org/sharp/-/sharp-0.33.4.tgz",
            "integrity": "sha512-7i/dt5kGl7qR4gwPRD2biwD2/SvBn3O04J77XKFgL2OnZtQw+AG9wnuS/csmu80nPRHLYE9E41fyEiG8nhH6/Q==",
            "dev": true,
            "hasInstallScript": true,
            "dependencies": {
                "color": "^4.2.3",
                "detect-libc": "^2.0.3",
                "semver": "^7.6.0"
            },
            "engines": {
                "libvips": ">=8.15.2",
                "node": "^18.17.0 || ^20.3.0 || >=21.0.0"
            },
            "funding": {
                "url": "https://opencollective.com/libvips"
            },
            "optionalDependencies": {
                "@img/sharp-darwin-arm64": "0.33.4",
                "@img/sharp-darwin-x64": "0.33.4",
                "@img/sharp-libvips-darwin-arm64": "1.0.2",
                "@img/sharp-libvips-darwin-x64": "1.0.2",
                "@img/sharp-libvips-linux-arm": "1.0.2",
                "@img/sharp-libvips-linux-arm64": "1.0.2",
                "@img/sharp-libvips-linux-s390x": "1.0.2",
                "@img/sharp-libvips-linux-x64": "1.0.2",
                "@img/sharp-libvips-linuxmusl-arm64": "1.0.2",
                "@img/sharp-libvips-linuxmusl-x64": "1.0.2",
                "@img/sharp-linux-arm": "0.33.4",
                "@img/sharp-linux-arm64": "0.33.4",
                "@img/sharp-linux-s390x": "0.33.4",
                "@img/sharp-linux-x64": "0.33.4",
                "@img/sharp-linuxmusl-arm64": "0.33.4",
                "@img/sharp-linuxmusl-x64": "0.33.4",
                "@img/sharp-wasm32": "0.33.4",
                "@img/sharp-win32-ia32": "0.33.4",
                "@img/sharp-win32-x64": "0.33.4"
            }
        },
        "node_modules/simple-swizzle": {
            "version": "0.2.2",
            "dev": true,
            "license": "MIT",
            "dependencies": {
                "is-arrayish": "^0.3.1"
            }
        },
        "node_modules/tslib": {
            "version": "2.6.2",
            "resolved": "https://registry.npmjs.org/tslib/-/tslib-2.6.2.tgz",
            "integrity": "sha512-AEYxH93jGFPn/a2iVAwW87VuUIkR1FVUKB77NwMF7nBTDkDrrT/Hpt/IrCJ0QXhW27jTBDcf5ZY7w6RiqTMw2Q=="
        },
        "node_modules/uuid": {
            "version": "9.0.1",
            "funding": [
                "https://github.com/sponsors/broofa",
                "https://github.com/sponsors/ctavan"
            ],
            "license": "MIT",
            "bin": {
                "uuid": "dist/bin/uuid"
            }
        },
        "node_modules/yallist": {
            "version": "4.0.0",
            "resolved": "https://registry.npmjs.org/yallist/-/yallist-4.0.0.tgz",
            "integrity": "sha512-3wdGidZyq5PB084XLES5TpOSRA3wjXAlIWMhum2kRcv/41Sn2emQ0dycQW4uZXLejwKvg6EsvbdlVL+FYEct7A==",
            "dev": true
        }
    }
}
