# THIS IS AN AUTOGENERATED FILE. DO NOT EDIT THIS FILE DIRECTLY.
# yarn lockfile v1


"@types/aws-lambda@^8.10.92":
  version "8.10.138"
  resolved "https://registry.yarnpkg.com/@types/aws-lambda/-/aws-lambda-8.10.138.tgz#11d0b6978c00ab34c38532f04306bb2e6f78163e"
  integrity sha512-71EHMl70TPWIAsFuHd85NHq6S6T2OOjiisPTrH7RgcjzpJpPh4RQJv7PvVvIxc6PIp8CLV7F9B+TdjcAES5vcA==
